// !$*UTF8*$!
{
	archiveVersion = 1;
	classes = {
	};
	objectVersion = 55;
	objects = {

/* Begin PBXBuildFile section */
		13A6C947758ACB4FCCEF4CF1 /* Pods_PracticeFirebase.framework in Frameworks */ = {isa = PBXBuildFile; fileRef = 711B997B5184B2E9C4C112E4 /* Pods_PracticeFirebase.framework */; };
		1C3D22FC2871DBF000C05D77 /* AppDelegate.swift in Sources */ = {isa = PBXBuildFile; fileRef = 1C3D22FB2871DBF000C05D77 /* AppDelegate.swift */; };
		1C3D22FE2871DBF000C05D77 /* SceneDelegate.swift in Sources */ = {isa = PBXBuildFile; fileRef = 1C3D22FD2871DBF000C05D77 /* SceneDelegate.swift */; };
		1C3D23002871DBF000C05D77 /* RegistValueViewController.swift in Sources */ = {isa = PBXBuildFile; fileRef = 1C3D22FF2871DBF000C05D77 /* RegistValueViewController.swift */; };
		1C3D23032871DBF000C05D77 /* RegistValue.storyboard in Resources */ = {isa = PBXBuildFile; fileRef = 1C3D23012871DBF000C05D77 /* RegistValue.storyboard */; };
		1C3D23052871DBF300C05D77 /* Assets.xcassets in Resources */ = {isa = PBXBuildFile; fileRef = 1C3D23042871DBF300C05D77 /* Assets.xcassets */; };
		1C3D23082871DBF300C05D77 /* LaunchScreen.storyboard in Resources */ = {isa = PBXBuildFile; fileRef = 1C3D23062871DBF300C05D77 /* LaunchScreen.storyboard */; };
		1C3D23112871E17100C05D77 /* ValueList.storyboard in Resources */ = {isa = PBXBuildFile; fileRef = 1C3D23102871E17100C05D77 /* ValueList.storyboard */; };
		1C3D23132871E18200C05D77 /* ValueListViewController.swift in Sources */ = {isa = PBXBuildFile; fileRef = 1C3D23122871E18200C05D77 /* ValueListViewController.swift */; };
		1C3D23192872748200C05D77 /* ValueListTableViewCell.xib in Resources */ = {isa = PBXBuildFile; fileRef = 1C3D23182872748200C05D77 /* ValueListTableViewCell.xib */; };
		1C3D231B2872753500C05D77 /* ValueListTableViewCell.swift in Sources */ = {isa = PBXBuildFile; fileRef = 1C3D231A2872753500C05D77 /* ValueListTableViewCell.swift */; };
		1C3D231D2872D4D700C05D77 /* Home.storyboard in Resources */ = {isa = PBXBuildFile; fileRef = 1C3D231C2872D4D700C05D77 /* Home.storyboard */; };
		1C3D231F2872D5C200C05D77 /* HomeViewController.swift in Sources */ = {isa = PBXBuildFile; fileRef = 1C3D231E2872D5C200C05D77 /* HomeViewController.swift */; };
		1C3D23212872F43400C05D77 /* GoogleService-Info.plist in Resources */ = {isa = PBXBuildFile; fileRef = 1C3D23202872F43400C05D77 /* GoogleService-Info.plist */; };
		1CC96646287FAEC200002BBA /* UserDetailsTableViewHeaderView.xib in Resources */ = {isa = PBXBuildFile; fileRef = 1CC96645287FAEC200002BBA /* UserDetailsTableViewHeaderView.xib */; };
		1CC96648287FAEE300002BBA /* UserLoginState.swift in Sources */ = {isa = PBXBuildFile; fileRef = 1CC96647287FAEE300002BBA /* UserLoginState.swift */; };
		1CC9664A287FAF2B00002BBA /* UserDetailsTableViewCell.swift in Sources */ = {isa = PBXBuildFile; fileRef = 1CC96649287FAF2B00002BBA /* UserDetailsTableViewCell.swift */; };
		1CC9664C287FFFAA00002BBA /* UserDetailsTableViewHeaderView.swift in Sources */ = {isa = PBXBuildFile; fileRef = 1CC9664B287FFFAA00002BBA /* UserDetailsTableViewHeaderView.swift */; };
		1CC9664E288006DF00002BBA /* UserDetailsTableViewCell.xib in Resources */ = {isa = PBXBuildFile; fileRef = 1CC9664D288006DF00002BBA /* UserDetailsTableViewCell.xib */; };
		1CC96650288007AC00002BBA /* UserDetails.storyboard in Resources */ = {isa = PBXBuildFile; fileRef = 1CC9664F288007AC00002BBA /* UserDetails.storyboard */; };
		1CC96652288007BD00002BBA /* UserDetailsViewController.swift in Sources */ = {isa = PBXBuildFile; fileRef = 1CC96651288007BD00002BBA /* UserDetailsViewController.swift */; };
/* End PBXBuildFile section */

/* Begin PBXFileReference section */
		1C3D22F82871DBF000C05D77 /* PracticeFirebase.app */ = {isa = PBXFileReference; explicitFileType = wrapper.application; includeInIndex = 0; path = PracticeFirebase.app; sourceTree = BUILT_PRODUCTS_DIR; };
		1C3D22FB2871DBF000C05D77 /* AppDelegate.swift */ = {isa = PBXFileReference; lastKnownFileType = sourcecode.swift; path = AppDelegate.swift; sourceTree = "<group>"; };
		1C3D22FD2871DBF000C05D77 /* SceneDelegate.swift */ = {isa = PBXFileReference; lastKnownFileType = sourcecode.swift; path = SceneDelegate.swift; sourceTree = "<group>"; };
		1C3D22FF2871DBF000C05D77 /* RegistValueViewController.swift */ = {isa = PBXFileReference; lastKnownFileType = sourcecode.swift; path = RegistValueViewController.swift; sourceTree = "<group>"; };
		1C3D23022871DBF000C05D77 /* Base */ = {isa = PBXFileReference; lastKnownFileType = file.storyboard; name = Base; path = Base.lproj/RegistValue.storyboard; sourceTree = "<group>"; };
		1C3D23042871DBF300C05D77 /* Assets.xcassets */ = {isa = PBXFileReference; lastKnownFileType = folder.assetcatalog; path = Assets.xcassets; sourceTree = "<group>"; };
		1C3D23072871DBF300C05D77 /* Base */ = {isa = PBXFileReference; lastKnownFileType = file.storyboard; name = Base; path = Base.lproj/LaunchScreen.storyboard; sourceTree = "<group>"; };
		1C3D23092871DBF300C05D77 /* Info.plist */ = {isa = PBXFileReference; lastKnownFileType = text.plist.xml; path = Info.plist; sourceTree = "<group>"; };
		1C3D23102871E17100C05D77 /* ValueList.storyboard */ = {isa = PBXFileReference; lastKnownFileType = file.storyboard; path = ValueList.storyboard; sourceTree = "<group>"; };
		1C3D23122871E18200C05D77 /* ValueListViewController.swift */ = {isa = PBXFileReference; lastKnownFileType = sourcecode.swift; path = ValueListViewController.swift; sourceTree = "<group>"; };
		1C3D23182872748200C05D77 /* ValueListTableViewCell.xib */ = {isa = PBXFileReference; lastKnownFileType = file.xib; path = ValueListTableViewCell.xib; sourceTree = "<group>"; };
		1C3D231A2872753500C05D77 /* ValueListTableViewCell.swift */ = {isa = PBXFileReference; lastKnownFileType = sourcecode.swift; path = ValueListTableViewCell.swift; sourceTree = "<group>"; };
		1C3D231C2872D4D700C05D77 /* Home.storyboard */ = {isa = PBXFileReference; lastKnownFileType = file.storyboard; path = Home.storyboard; sourceTree = "<group>"; };
		1C3D231E2872D5C200C05D77 /* HomeViewController.swift */ = {isa = PBXFileReference; lastKnownFileType = sourcecode.swift; path = HomeViewController.swift; sourceTree = "<group>"; };
		1C3D23202872F43400C05D77 /* GoogleService-Info.plist */ = {isa = PBXFileReference; fileEncoding = 4; lastKnownFileType = text.plist.xml; name = "GoogleService-Info.plist"; path = "../../../My Mac (todaryoumanoMBP)/Downloads/GoogleService-Info.plist"; sourceTree = "<group>"; };
		1C3D23792878650400C05D77 /* PracticeFirebase.entitlements */ = {isa = PBXFileReference; lastKnownFileType = text.plist.entitlements; path = PracticeFirebase.entitlements; sourceTree = "<group>"; };
		1CC96645287FAEC200002BBA /* UserDetailsTableViewHeaderView.xib */ = {isa = PBXFileReference; lastKnownFileType = file.xib; path = UserDetailsTableViewHeaderView.xib; sourceTree = "<group>"; };
		1CC96647287FAEE300002BBA /* UserLoginState.swift */ = {isa = PBXFileReference; fileEncoding = 4; lastKnownFileType = sourcecode.swift; path = UserLoginState.swift; sourceTree = "<group>"; };
		1CC96649287FAF2B00002BBA /* UserDetailsTableViewCell.swift */ = {isa = PBXFileReference; lastKnownFileType = sourcecode.swift; path = UserDetailsTableViewCell.swift; sourceTree = "<group>"; };
		1CC9664B287FFFAA00002BBA /* UserDetailsTableViewHeaderView.swift */ = {isa = PBXFileReference; lastKnownFileType = sourcecode.swift; path = UserDetailsTableViewHeaderView.swift; sourceTree = "<group>"; };
		1CC9664D288006DF00002BBA /* UserDetailsTableViewCell.xib */ = {isa = PBXFileReference; lastKnownFileType = file.xib; path = UserDetailsTableViewCell.xib; sourceTree = "<group>"; };
		1CC9664F288007AC00002BBA /* UserDetails.storyboard */ = {isa = PBXFileReference; lastKnownFileType = file.storyboard; path = UserDetails.storyboard; sourceTree = "<group>"; };
		1CC96651288007BD00002BBA /* UserDetailsViewController.swift */ = {isa = PBXFileReference; lastKnownFileType = sourcecode.swift; path = UserDetailsViewController.swift; sourceTree = "<group>"; };
		711B997B5184B2E9C4C112E4 /* Pods_PracticeFirebase.framework */ = {isa = PBXFileReference; explicitFileType = wrapper.framework; includeInIndex = 0; path = Pods_PracticeFirebase.framework; sourceTree = BUILT_PRODUCTS_DIR; };
		79489D212143C65AE4246291 /* Pods-PracticeFirebase.release.xcconfig */ = {isa = PBXFileReference; includeInIndex = 1; lastKnownFileType = text.xcconfig; name = "Pods-PracticeFirebase.release.xcconfig"; path = "Target Support Files/Pods-PracticeFirebase/Pods-PracticeFirebase.release.xcconfig"; sourceTree = "<group>"; };
		D63A394B69603957488DE74D /* Pods-PracticeFirebase.debug.xcconfig */ = {isa = PBXFileReference; includeInIndex = 1; lastKnownFileType = text.xcconfig; name = "Pods-PracticeFirebase.debug.xcconfig"; path = "Target Support Files/Pods-PracticeFirebase/Pods-PracticeFirebase.debug.xcconfig"; sourceTree = "<group>"; };
/* End PBXFileReference section */

/* Begin PBXFrameworksBuildPhase section */
		1C3D22F52871DBF000C05D77 /* Frameworks */ = {
			isa = PBXFrameworksBuildPhase;
			buildActionMask = 2147483647;
			files = (
				13A6C947758ACB4FCCEF4CF1 /* Pods_PracticeFirebase.framework in Frameworks */,
			);
			runOnlyForDeploymentPostprocessing = 0;
		};
/* End PBXFrameworksBuildPhase section */

/* Begin PBXGroup section */
		1C3D22EF2871DBF000C05D77 = {
			isa = PBXGroup;
			children = (
				1C3D22FA2871DBF000C05D77 /* PracticeFirebase */,
				1C3D22F92871DBF000C05D77 /* Products */,
				341AED87CEBC2EE356611181 /* Pods */,
				A354FEDAF9A2AD268BD0D389 /* Frameworks */,
			);
			sourceTree = "<group>";
		};
		1C3D22F92871DBF000C05D77 /* Products */ = {
			isa = PBXGroup;
			children = (
				1C3D22F82871DBF000C05D77 /* PracticeFirebase.app */,
			);
			name = Products;
			sourceTree = "<group>";
		};
		1C3D22FA2871DBF000C05D77 /* PracticeFirebase */ = {
			isa = PBXGroup;
			children = (
				1C3D23792878650400C05D77 /* PracticeFirebase.entitlements */,
				1C3D22FB2871DBF000C05D77 /* AppDelegate.swift */,
				1C3D22FD2871DBF000C05D77 /* SceneDelegate.swift */,
				1C3D231E2872D5C200C05D77 /* HomeViewController.swift */,
				1C3D231C2872D4D700C05D77 /* Home.storyboard */,
				1C3D22FF2871DBF000C05D77 /* RegistValueViewController.swift */,
				1C3D23012871DBF000C05D77 /* RegistValue.storyboard */,
				1C3D23122871E18200C05D77 /* ValueListViewController.swift */,
				1C3D23102871E17100C05D77 /* ValueList.storyboard */,
				1C3D231A2872753500C05D77 /* ValueListTableViewCell.swift */,
				1C3D23182872748200C05D77 /* ValueListTableViewCell.xib */,
				1CC96647287FAEE300002BBA /* UserLoginState.swift */,
				1CC96651288007BD00002BBA /* UserDetailsViewController.swift */,
				1CC9664F288007AC00002BBA /* UserDetails.storyboard */,
				1CC9664B287FFFAA00002BBA /* UserDetailsTableViewHeaderView.swift */,
				1CC96645287FAEC200002BBA /* UserDetailsTableViewHeaderView.xib */,
				1CC96649287FAF2B00002BBA /* UserDetailsTableViewCell.swift */,
				1CC9664D288006DF00002BBA /* UserDetailsTableViewCell.xib */,
				1C3D23042871DBF300C05D77 /* Assets.xcassets */,
				1C3D23062871DBF300C05D77 /* LaunchScreen.storyboard */,
				1C3D23092871DBF300C05D77 /* Info.plist */,
				1C3D23202872F43400C05D77 /* GoogleService-Info.plist */,
			);
			path = PracticeFirebase;
			sourceTree = "<group>";
		};
		341AED87CEBC2EE356611181 /* Pods */ = {
			isa = PBXGroup;
			children = (
				D63A394B69603957488DE74D /* Pods-PracticeFirebase.debug.xcconfig */,
				79489D212143C65AE4246291 /* Pods-PracticeFirebase.release.xcconfig */,
			);
			path = Pods;
			sourceTree = "<group>";
		};
		A354FEDAF9A2AD268BD0D389 /* Frameworks */ = {
			isa = PBXGroup;
			children = (
				711B997B5184B2E9C4C112E4 /* Pods_PracticeFirebase.framework */,
			);
			name = Frameworks;
			sourceTree = "<group>";
		};
/* End PBXGroup section */

/* Begin PBXNativeTarget section */
		1C3D22F72871DBF000C05D77 /* PracticeFirebase */ = {
			isa = PBXNativeTarget;
			buildConfigurationList = 1C3D230C2871DBF300C05D77 /* Build configuration list for PBXNativeTarget "PracticeFirebase" */;
			buildPhases = (
				0A6E1EE728E791A2B7522D26 /* [CP] Check Pods Manifest.lock */,
				1C3D22F42871DBF000C05D77 /* Sources */,
				1C3D22F52871DBF000C05D77 /* Frameworks */,
				1C3D22F62871DBF000C05D77 /* Resources */,
				1C3D230F2871DD5D00C05D77 /* ShellScript */,
				B3C134891BD78F813B0E24DC /* [CP] Embed Pods Frameworks */,
				178361DA9A9984D4681409F0 /* [CP] Copy Pods Resources */,
			);
			buildRules = (
			);
			dependencies = (
			);
			name = PracticeFirebase;
			productName = PracticeRealm;
			productReference = 1C3D22F82871DBF000C05D77 /* PracticeFirebase.app */;
			productType = "com.apple.product-type.application";
		};
/* End PBXNativeTarget section */

/* Begin PBXProject section */
		1C3D22F02871DBF000C05D77 /* Project object */ = {
			isa = PBXProject;
			attributes = {
				BuildIndependentTargetsInParallel = 1;
				LastSwiftUpdateCheck = 1340;
				LastUpgradeCheck = 1340;
				TargetAttributes = {
					1C3D22F72871DBF000C05D77 = {
						CreatedOnToolsVersion = 13.4.1;
					};
				};
			};
			buildConfigurationList = 1C3D22F32871DBF000C05D77 /* Build configuration list for PBXProject "PracticeFirebase" */;
			compatibilityVersion = "Xcode 13.0";
			developmentRegion = en;
			hasScannedForEncodings = 0;
			knownRegions = (
				en,
				Base,
			);
			mainGroup = 1C3D22EF2871DBF000C05D77;
			productRefGroup = 1C3D22F92871DBF000C05D77 /* Products */;
			projectDirPath = "";
			projectRoot = "";
			targets = (
				1C3D22F72871DBF000C05D77 /* PracticeFirebase */,
			);
		};
/* End PBXProject section */

/* Begin PBXResourcesBuildPhase section */
		1C3D22F62871DBF000C05D77 /* Resources */ = {
			isa = PBXResourcesBuildPhase;
			buildActionMask = 2147483647;
			files = (
				1C3D23112871E17100C05D77 /* ValueList.storyboard in Resources */,
				1C3D23082871DBF300C05D77 /* LaunchScreen.storyboard in Resources */,
				1CC9664E288006DF00002BBA /* UserDetailsTableViewCell.xib in Resources */,
				1C3D23052871DBF300C05D77 /* Assets.xcassets in Resources */,
				1C3D231D2872D4D700C05D77 /* Home.storyboard in Resources */,
				1C3D23032871DBF000C05D77 /* RegistValue.storyboard in Resources */,
				1CC96646287FAEC200002BBA /* UserDetailsTableViewHeaderView.xib in Resources */,
				1C3D23192872748200C05D77 /* ValueListTableViewCell.xib in Resources */,
				1CC96650288007AC00002BBA /* UserDetails.storyboard in Resources */,
				1C3D23212872F43400C05D77 /* GoogleService-Info.plist in Resources */,
			);
			runOnlyForDeploymentPostprocessing = 0;
		};
/* End PBXResourcesBuildPhase section */

/* Begin PBXShellScriptBuildPhase section */
		0A6E1EE728E791A2B7522D26 /* [CP] Check Pods Manifest.lock */ = {
			isa = PBXShellScriptBuildPhase;
			buildActionMask = 2147483647;
			files = (
			);
			inputFileListPaths = (
			);
			inputPaths = (
				"${PODS_PODFILE_DIR_PATH}/Podfile.lock",
				"${PODS_ROOT}/Manifest.lock",
			);
			name = "[CP] Check Pods Manifest.lock";
			outputFileListPaths = (
			);
			outputPaths = (
				"$(DERIVED_FILE_DIR)/Pods-PracticeFirebase-checkManifestLockResult.txt",
			);
			runOnlyForDeploymentPostprocessing = 0;
			shellPath = /bin/sh;
			shellScript = "diff \"${PODS_PODFILE_DIR_PATH}/Podfile.lock\" \"${PODS_ROOT}/Manifest.lock\" > /dev/null\nif [ $? != 0 ] ; then\n    # print error to STDERR\n    echo \"error: The sandbox is not in sync with the Podfile.lock. Run 'pod install' or update your CocoaPods installation.\" >&2\n    exit 1\nfi\n# This output is used by Xcode 'outputs' to avoid re-running this script phase.\necho \"SUCCESS\" > \"${SCRIPT_OUTPUT_FILE_0}\"\n";
			showEnvVarsInLog = 0;
		};
		178361DA9A9984D4681409F0 /* [CP] Copy Pods Resources */ = {
			isa = PBXShellScriptBuildPhase;
			buildActionMask = 2147483647;
			files = (
			);
			inputFileListPaths = (
				"${PODS_ROOT}/Target Support Files/Pods-PracticeFirebase/Pods-PracticeFirebase-resources-${CONFIGURATION}-input-files.xcfilelist",
			);
			name = "[CP] Copy Pods Resources";
			outputFileListPaths = (
				"${PODS_ROOT}/Target Support Files/Pods-PracticeFirebase/Pods-PracticeFirebase-resources-${CONFIGURATION}-output-files.xcfilelist",
			);
			runOnlyForDeploymentPostprocessing = 0;
			shellPath = /bin/sh;
			shellScript = "\"${PODS_ROOT}/Target Support Files/Pods-PracticeFirebase/Pods-PracticeFirebase-resources.sh\"\n";
			showEnvVarsInLog = 0;
		};
		1C3D230F2871DD5D00C05D77 /* ShellScript */ = {
			isa = PBXShellScriptBuildPhase;
			buildActionMask = 2147483647;
			files = (
			);
			inputFileListPaths = (
			);
			inputPaths = (
			);
			outputFileListPaths = (
			);
			outputPaths = (
			);
			runOnlyForDeploymentPostprocessing = 0;
			shellPath = /bin/sh;
			shellScript = "export PATH=\"$PATH:/opt/homebrew/bin\"\nif which swiftlint > /dev/null; then\n  swiftlint\nelse\n  echo \"warning: SwiftLint not installed, download from https://github.com/realm/SwiftLint\"\nfi\n";
		};
		B3C134891BD78F813B0E24DC /* [CP] Embed Pods Frameworks */ = {
			isa = PBXShellScriptBuildPhase;
			buildActionMask = 2147483647;
			files = (
			);
			inputFileListPaths = (
				"${PODS_ROOT}/Target Support Files/Pods-PracticeFirebase/Pods-PracticeFirebase-frameworks-${CONFIGURATION}-input-files.xcfilelist",
			);
			name = "[CP] Embed Pods Frameworks";
			outputFileListPaths = (
				"${PODS_ROOT}/Target Support Files/Pods-PracticeFirebase/Pods-PracticeFirebase-frameworks-${CONFIGURATION}-output-files.xcfilelist",
			);
			runOnlyForDeploymentPostprocessing = 0;
			shellPath = /bin/sh;
			shellScript = "\"${PODS_ROOT}/Target Support Files/Pods-PracticeFirebase/Pods-PracticeFirebase-frameworks.sh\"\n";
			showEnvVarsInLog = 0;
		};
/* End PBXShellScriptBuildPhase section */

/* Begin PBXSourcesBuildPhase section */
		1C3D22F42871DBF000C05D77 /* Sources */ = {
			isa = PBXSourcesBuildPhase;
			buildActionMask = 2147483647;
			files = (
				1CC96648287FAEE300002BBA /* UserLoginState.swift in Sources */,
				1CC96652288007BD00002BBA /* UserDetailsViewController.swift in Sources */,
				1CC9664A287FAF2B00002BBA /* UserDetailsTableViewCell.swift in Sources */,
				1C3D23132871E18200C05D77 /* ValueListViewController.swift in Sources */,
				1C3D23002871DBF000C05D77 /* RegistValueViewController.swift in Sources */,
				1C3D22FC2871DBF000C05D77 /* AppDelegate.swift in Sources */,
				1CC9664C287FFFAA00002BBA /* UserDetailsTableViewHeaderView.swift in Sources */,
				1C3D22FE2871DBF000C05D77 /* SceneDelegate.swift in Sources */,
				1C3D231B2872753500C05D77 /* ValueListTableViewCell.swift in Sources */,
				1C3D231F2872D5C200C05D77 /* HomeViewController.swift in Sources */,
			);
			runOnlyForDeploymentPostprocessing = 0;
		};
/* End PBXSourcesBuildPhase section */

/* Begin PBXVariantGroup section */
		1C3D23012871DBF000C05D77 /* RegistValue.storyboard */ = {
			isa = PBXVariantGroup;
			children = (
				1C3D23022871DBF000C05D77 /* Base */,
			);
			name = RegistValue.storyboard;
			sourceTree = "<group>";
		};
		1C3D23062871DBF300C05D77 /* LaunchScreen.storyboard */ = {
			isa = PBXVariantGroup;
			children = (
				1C3D23072871DBF300C05D77 /* Base */,
			);
			name = LaunchScreen.storyboard;
			sourceTree = "<group>";
		};
/* End PBXVariantGroup section */

/* Begin XCBuildConfiguration section */
		1C3D230A2871DBF300C05D77 /* Debug */ = {
			isa = XCBuildConfiguration;
			buildSettings = {
				ALWAYS_SEARCH_USER_PATHS = NO;
				CLANG_ANALYZER_NONNULL = YES;
				CLANG_ANALYZER_NUMBER_OBJECT_CONVERSION = YES_AGGRESSIVE;
				CLANG_CXX_LANGUAGE_STANDARD = "gnu++17";
				CLANG_ENABLE_MODULES = YES;
				CLANG_ENABLE_OBJC_ARC = YES;
				CLANG_ENABLE_OBJC_WEAK = YES;
				CLANG_WARN_BLOCK_CAPTURE_AUTORELEASING = YES;
				CLANG_WARN_BOOL_CONVERSION = YES;
				CLANG_WARN_COMMA = YES;
				CLANG_WARN_CONSTANT_CONVERSION = YES;
				CLANG_WARN_DEPRECATED_OBJC_IMPLEMENTATIONS = YES;
				CLANG_WARN_DIRECT_OBJC_ISA_USAGE = YES_ERROR;
				CLANG_WARN_DOCUMENTATION_COMMENTS = YES;
				CLANG_WARN_EMPTY_BODY = YES;
				CLANG_WARN_ENUM_CONVERSION = YES;
				CLANG_WARN_INFINITE_RECURSION = YES;
				CLANG_WARN_INT_CONVERSION = YES;
				CLANG_WARN_NON_LITERAL_NULL_CONVERSION = YES;
				CLANG_WARN_OBJC_IMPLICIT_RETAIN_SELF = YES;
				CLANG_WARN_OBJC_LITERAL_CONVERSION = YES;
				CLANG_WARN_OBJC_ROOT_CLASS = YES_ERROR;
				CLANG_WARN_QUOTED_INCLUDE_IN_FRAMEWORK_HEADER = YES;
				CLANG_WARN_RANGE_LOOP_ANALYSIS = YES;
				CLANG_WARN_STRICT_PROTOTYPES = YES;
				CLANG_WARN_SUSPICIOUS_MOVE = YES;
				CLANG_WARN_UNGUARDED_AVAILABILITY = YES_AGGRESSIVE;
				CLANG_WARN_UNREACHABLE_CODE = YES;
				CLANG_WARN__DUPLICATE_METHOD_MATCH = YES;
				COPY_PHASE_STRIP = NO;
				DEBUG_INFORMATION_FORMAT = dwarf;
				ENABLE_STRICT_OBJC_MSGSEND = YES;
				ENABLE_TESTABILITY = YES;
				GCC_C_LANGUAGE_STANDARD = gnu11;
				GCC_DYNAMIC_NO_PIC = NO;
				GCC_NO_COMMON_BLOCKS = YES;
				GCC_OPTIMIZATION_LEVEL = 0;
				GCC_PREPROCESSOR_DEFINITIONS = (
					"DEBUG=1",
					"$(inherited)",
				);
				GCC_WARN_64_TO_32_BIT_CONVERSION = YES;
				GCC_WARN_ABOUT_RETURN_TYPE = YES_ERROR;
				GCC_WARN_UNDECLARED_SELECTOR = YES;
				GCC_WARN_UNINITIALIZED_AUTOS = YES_AGGRESSIVE;
				GCC_WARN_UNUSED_FUNCTION = YES;
				GCC_WARN_UNUSED_VARIABLE = YES;
				IPHONEOS_DEPLOYMENT_TARGET = 15.5;
				MTL_ENABLE_DEBUG_INFO = INCLUDE_SOURCE;
				MTL_FAST_MATH = YES;
				ONLY_ACTIVE_ARCH = YES;
				SDKROOT = iphoneos;
				SWIFT_ACTIVE_COMPILATION_CONDITIONS = DEBUG;
				SWIFT_OPTIMIZATION_LEVEL = "-Onone";
			};
			name = Debug;
		};
		1C3D230B2871DBF300C05D77 /* Release */ = {
			isa = XCBuildConfiguration;
			buildSettings = {
				ALWAYS_SEARCH_USER_PATHS = NO;
				CLANG_ANALYZER_NONNULL = YES;
				CLANG_ANALYZER_NUMBER_OBJECT_CONVERSION = YES_AGGRESSIVE;
				CLANG_CXX_LANGUAGE_STANDARD = "gnu++17";
				CLANG_ENABLE_MODULES = YES;
				CLANG_ENABLE_OBJC_ARC = YES;
				CLANG_ENABLE_OBJC_WEAK = YES;
				CLANG_WARN_BLOCK_CAPTURE_AUTORELEASING = YES;
				CLANG_WARN_BOOL_CONVERSION = YES;
				CLANG_WARN_COMMA = YES;
				CLANG_WARN_CONSTANT_CONVERSION = YES;
				CLANG_WARN_DEPRECATED_OBJC_IMPLEMENTATIONS = YES;
				CLANG_WARN_DIRECT_OBJC_ISA_USAGE = YES_ERROR;
				CLANG_WARN_DOCUMENTATION_COMMENTS = YES;
				CLANG_WARN_EMPTY_BODY = YES;
				CLANG_WARN_ENUM_CONVERSION = YES;
				CLANG_WARN_INFINITE_RECURSION = YES;
				CLANG_WARN_INT_CONVERSION = YES;
				CLANG_WARN_NON_LITERAL_NULL_CONVERSION = YES;
				CLANG_WARN_OBJC_IMPLICIT_RETAIN_SELF = YES;
				CLANG_WARN_OBJC_LITERAL_CONVERSION = YES;
				CLANG_WARN_OBJC_ROOT_CLASS = YES_ERROR;
				CLANG_WARN_QUOTED_INCLUDE_IN_FRAMEWORK_HEADER = YES;
				CLANG_WARN_RANGE_LOOP_ANALYSIS = YES;
				CLANG_WARN_STRICT_PROTOTYPES = YES;
				CLANG_WARN_SUSPICIOUS_MOVE = YES;
				CLANG_WARN_UNGUARDED_AVAILABILITY = YES_AGGRESSIVE;
				CLANG_WARN_UNREACHABLE_CODE = YES;
				CLANG_WARN__DUPLICATE_METHOD_MATCH = YES;
				COPY_PHASE_STRIP = NO;
				DEBUG_INFORMATION_FORMAT = "dwarf-with-dsym";
				ENABLE_NS_ASSERTIONS = NO;
				ENABLE_STRICT_OBJC_MSGSEND = YES;
				GCC_C_LANGUAGE_STANDARD = gnu11;
				GCC_NO_COMMON_BLOCKS = YES;
				GCC_WARN_64_TO_32_BIT_CONVERSION = YES;
				GCC_WARN_ABOUT_RETURN_TYPE = YES_ERROR;
				GCC_WARN_UNDECLARED_SELECTOR = YES;
				GCC_WARN_UNINITIALIZED_AUTOS = YES_AGGRESSIVE;
				GCC_WARN_UNUSED_FUNCTION = YES;
				GCC_WARN_UNUSED_VARIABLE = YES;
				IPHONEOS_DEPLOYMENT_TARGET = 15.5;
				MTL_ENABLE_DEBUG_INFO = NO;
				MTL_FAST_MATH = YES;
				SDKROOT = iphoneos;
				SWIFT_COMPILATION_MODE = wholemodule;
				SWIFT_OPTIMIZATION_LEVEL = "-O";
				VALIDATE_PRODUCT = YES;
			};
			name = Release;
		};
		1C3D230D2871DBF300C05D77 /* Debug */ = {
			isa = XCBuildConfiguration;
			baseConfigurationReference = D63A394B69603957488DE74D /* Pods-PracticeFirebase.debug.xcconfig */;
			buildSettings = {
				ASSETCATALOG_COMPILER_APPICON_NAME = AppIcon;
				ASSETCATALOG_COMPILER_GLOBAL_ACCENT_COLOR_NAME = AccentColor;
				CODE_SIGN_ENTITLEMENTS = PracticeFirebase/PracticeFirebase.entitlements;
				CODE_SIGN_STYLE = Automatic;
				CURRENT_PROJECT_VERSION = 1;
				DEVELOPMENT_TEAM = WY23RUM8JH;
				GENERATE_INFOPLIST_FILE = YES;
				INFOPLIST_FILE = PracticeFirebase/Info.plist;
				INFOPLIST_KEY_UIApplicationSupportsIndirectInputEvents = YES;
				INFOPLIST_KEY_UILaunchStoryboardName = LaunchScreen;
				INFOPLIST_KEY_UIMainStoryboardFile = Home;
				INFOPLIST_KEY_UISupportedInterfaceOrientations_iPad = "UIInterfaceOrientationPortrait UIInterfaceOrientationPortraitUpsideDown UIInterfaceOrientationLandscapeLeft UIInterfaceOrientationLandscapeRight";
				INFOPLIST_KEY_UISupportedInterfaceOrientations_iPhone = "UIInterfaceOrientationPortrait UIInterfaceOrientationLandscapeLeft UIInterfaceOrientationLandscapeRight";
				LD_RUNPATH_SEARCH_PATHS = (
					"$(inherited)",
					"@executable_path/Frameworks",
				);
				MARKETING_VERSION = 1.0;
				PRODUCT_BUNDLE_IDENTIFIER = com.otoufujohnny.PracticeFirebase20220709;
				PRODUCT_NAME = "$(TARGET_NAME)";
				SWIFT_EMIT_LOC_STRINGS = YES;
				SWIFT_VERSION = 5.0;
				TARGETED_DEVICE_FAMILY = 1;
			};
			name = Debug;
		};
		1C3D230E2871DBF300C05D77 /* Release */ = {
			isa = XCBuildConfiguration;
			baseConfigurationReference = 79489D212143C65AE4246291 /* Pods-PracticeFirebase.release.xcconfig */;
			buildSettings = {
				ASSETCATALOG_COMPILER_APPICON_NAME = AppIcon;
				ASSETCATALOG_COMPILER_GLOBAL_ACCENT_COLOR_NAME = AccentColor;
				CODE_SIGN_ENTITLEMENTS = PracticeFirebase/PracticeFirebase.entitlements;
				CODE_SIGN_STYLE = Automatic;
				CURRENT_PROJECT_VERSION = 1;
				DEVELOPMENT_TEAM = WY23RUM8JH;
				GENERATE_INFOPLIST_FILE = YES;
				INFOPLIST_FILE = PracticeFirebase/Info.plist;
				INFOPLIST_KEY_UIApplicationSupportsIndirectInputEvents = YES;
				INFOPLIST_KEY_UILaunchStoryboardName = LaunchScreen;
				INFOPLIST_KEY_UIMainStoryboardFile = Home;
				INFOPLIST_KEY_UISupportedInterfaceOrientations_iPad = "UIInterfaceOrientationPortrait UIInterfaceOrientationPortraitUpsideDown UIInterfaceOrientationLandscapeLeft UIInterfaceOrientationLandscapeRight";
				INFOPLIST_KEY_UISupportedInterfaceOrientations_iPhone = "UIInterfaceOrientationPortrait UIInterfaceOrientationLandscapeLeft UIInterfaceOrientationLandscapeRight";
				LD_RUNPATH_SEARCH_PATHS = (
					"$(inherited)",
					"@executable_path/Frameworks",
				);
				MARKETING_VERSION = 1.0;
				PRODUCT_BUNDLE_IDENTIFIER = com.otoufujohnny.PracticeFirebase20220709;
				PRODUCT_NAME = "$(TARGET_NAME)";
				SWIFT_EMIT_LOC_STRINGS = YES;
				SWIFT_VERSION = 5.0;
				TARGETED_DEVICE_FAMILY = 1;
			};
			name = Release;
		};
/* End XCBuildConfiguration section */

/* Begin XCConfigurationList section */
		1C3D22F32871DBF000C05D77 /* Build configuration list for PBXProject "PracticeFirebase" */ = {
			isa = XCConfigurationList;
			buildConfigurations = (
				1C3D230A2871DBF300C05D77 /* Debug */,
				1C3D230B2871DBF300C05D77 /* Release */,
			);
			defaultConfigurationIsVisible = 0;
			defaultConfigurationName = Release;
		};
		1C3D230C2871DBF300C05D77 /* Build configuration list for PBXNativeTarget "PracticeFirebase" */ = {
			isa = XCConfigurationList;
			buildConfigurations = (
				1C3D230D2871DBF300C05D77 /* Debug */,
				1C3D230E2871DBF300C05D77 /* Release */,
			);
			defaultConfigurationIsVisible = 0;
			defaultConfigurationName = Release;
		};
/* End XCConfigurationList section */
	};
	rootObject = 1C3D22F02871DBF000C05D77 /* Project object */;
}
